{
  "nodes": {
    "nixpkgs": {
      "locked": {
        "lastModified": 1678072060,
        "narHash": "sha256-6a9Tbjhir5HxDx4uw0u6Z+LHUfYf7tsT9QxF9FN/32w=",
        "owner": "NixOS",
        "repo": "nixpkgs",
        "rev": "47c003416297e4d59a5e3e7a8b15cdbdf5110560",
        "type": "github"
      },
      "original": {
        "owner": "NixOS",
        "ref": "nixos-22.11",
        "repo": "nixpkgs",
        "type": "github"
      }
    },
    "root": {
      "inputs": {
        "nixpkgs": "nixpkgs"
      }
    }
  },
  "root": "root",
  "version": 7
}
