{
  "nodes": {
    "crane": {
      "inputs": {
        "flake-compat": "flake-compat",
        "flake-utils": "flake-utils",
        "nixpkgs": [
          "nixpkgs"
        ],
        "rust-overlay": [
          "rust-overlay"
        ]
      },
      "locked": {
        "lastModified": 1679285709,
        "narHash": "sha256-oERwmwZPZ5BOqSv6cmcXfjIBPrFR6dp02oGE8mA+1n4=",
        "owner": "ipetkov",
        "repo": "crane",
        "rev": "2552a2d1ccf33d43259a9e00f93dbacb9e6d6bed",
        "type": "github"
      },
      "original": {
        "owner": "ipetkov",
        "ref": "v0.12.0",
        "repo": "crane",
        "type": "github"
      }
    },
    "flake-compat": {
      "flake": false,
      "locked": {
        "lastModified": 1673956053,
        "narHash": "sha256-4gtG9iQuiKITOjNQQeQIpoIB6b16fm+504Ch3sNKLd8=",
        "owner": "edolstra",
        "repo": "flake-compat",
        "rev": "35bb57c0c8d8b62bbfd284272c928ceb64ddbde9",
        "type": "github"
      },
      "original": {
        "owner": "edolstra",
        "repo": "flake-compat",
        "type": "github"
      }
    },
    "flake-utils": {
      "locked": {
        "lastModified": 1676283394,
        "narHash": "sha256-XX2f9c3iySLCw54rJ/CZs+ZK6IQy7GXNY4nSOyu2QG4=",
        "owner": "numtide",
        "repo": "flake-utils",
        "rev": "3db36a8b464d0c4532ba1c7dda728f4576d6d073",
        "type": "github"
      },
      "original": {
        "owner": "numtide",
        "repo": "flake-utils",
        "type": "github"
      }
    },
    "flake-utils_2": {
      "locked": {
        "lastModified": 1659877975,
        "narHash": "sha256-zllb8aq3YO3h8B/U0/J1WBgAL8EX5yWf5pMj3G0NAmc=",
        "owner": "numtide",
        "repo": "flake-utils",
        "rev": "c0e246b9b83f637f4681389ecabcb2681b4f3af0",
        "type": "github"
      },
      "original": {
        "owner": "numtide",
        "repo": "flake-utils",
        "type": "github"
      }
    },
    "nixie-tubes": {
      "locked": {
        "lastModified": 1678307541,
        "narHash": "sha256-8s48Ws+eMio0ya+w3tPBjrDvALTokF7t65VUO8Y1fLI=",
        "owner": "oxidecomputer",
        "repo": "nixie-tubes",
        "rev": "3e84ffd9cb6c8d189b47b55592d09d160179c0c8",
        "type": "github"
      },
      "original": {
        "owner": "oxidecomputer",
        "repo": "nixie-tubes",
        "type": "github"
      }
    },
    "nixpkgs": {
      "locked": {
        "lastModified": 1679966490,
        "narHash": "sha256-k0jV+y1jawE6w4ZvKgXDNg4+O9NNtcaWwzw8gufv0b4=",
        "owner": "NixOS",
        "repo": "nixpkgs",
        "rev": "5b7cd5c39befee629be284970415b6eb3b0ff000",
        "type": "github"
      },
      "original": {
        "owner": "NixOS",
        "ref": "nixos-22.11",
        "repo": "nixpkgs",
        "type": "github"
      }
    },
    "root": {
      "inputs": {
        "crane": "crane",
        "nixie-tubes": "nixie-tubes",
        "nixpkgs": "nixpkgs",
        "rust-overlay": "rust-overlay"
      }
    },
    "rust-overlay": {
      "inputs": {
        "flake-utils": "flake-utils_2",
        "nixpkgs": [
          "nixpkgs"
        ]
      },
      "locked": {
        "lastModified": 1679970108,
        "narHash": "sha256-8OfySbY1hhBzj0Iz90k4se6oFCGS3+ke31vkd0d4k/o=",
        "owner": "oxalica",
        "repo": "rust-overlay",
        "rev": "26ef1a2029239e204e51ab3402f8aae5aa1187ed",
        "type": "github"
      },
      "original": {
        "owner": "oxalica",
        "repo": "rust-overlay",
        "type": "github"
      }
    }
  },
  "root": "root",
  "version": 7
}
